
Microsoft Visual Studio Solution File, Format Version 12.00
# Visual Studio Version 16
VisualStudioVersion = 16.0.29230.61
MinimumVisualStudioVersion = 10.0.40219.1
Project("{FAE04EC0-301F-11D3-BF4B-00C04F79EFBC}") = "OrderTestConsole", "OrderTestConsole\OrderTestConsole.csproj", "{3BFF239D-29A1-42E2-BDAB-8B62F812DF48}"
EndProject
Project("{FAE04EC0-301F-11D3-BF4B-00C04F79EFBC}") = "ServerSide", "ServerSide\ServerSide.csproj", "{4BE08734-0FD6-4C1A-B1A2-929A967C7DC6}"
EndProject
Project("{FAE04EC0-301F-11D3-BF4B-00C04F79EFBC}") = "WorkerService1", "WorkerService1\WorkerService1.csproj", "{2C52A4E1-E965-4A8B-A7B0-C1C3F06E7771}"
EndProject
Global
	GlobalSection(SolutionConfigurationPlatforms) = preSolution
		Debug|Any CPU = Debug|Any CPU
		Release|Any CPU = Release|Any CPU
	EndGlobalSection
	GlobalSection(ProjectConfigurationPlatforms) = postSolution
		{3BFF239D-29A1-42E2-BDAB-8B62F812DF48}.Debug|Any CPU.ActiveCfg = Debug|Any CPU
		{3BFF239D-29A1-42E2-BDAB-8B62F812DF48}.Debug|Any CPU.Build.0 = Debug|Any CPU
		{3BFF239D-29A1-42E2-BDAB-8B62F812DF48}.Release|Any CPU.ActiveCfg = Release|Any CPU
		{3BFF239D-29A1-42E2-BDAB-8B62F812DF48}.Release|Any CPU.Build.0 = Release|Any CPU
		{4BE08734-0FD6-4C1A-B1A2-929A967C7DC6}.Debug|Any CPU.ActiveCfg = Debug|Any CPU
		{4BE08734-0FD6-4C1A-B1A2-929A967C7DC6}.Debug|Any CPU.Build.0 = Debug|Any CPU
		{4BE08734-0FD6-4C1A-B1A2-929A967C7DC6}.Release|Any CPU.ActiveCfg = Release|Any CPU
		{4BE08734-0FD6-4C1A-B1A2-929A967C7DC6}.Release|Any CPU.Build.0 = Release|Any CPU
		{2C52A4E1-E965-4A8B-A7B0-C1C3F06E7771}.Debug|Any CPU.ActiveCfg = Debug|Any CPU
		{2C52A4E1-E965-4A8B-A7B0-C1C3F06E7771}.Debug|Any CPU.Build.0 = Debug|Any CPU
		{2C52A4E1-E965-4A8B-A7B0-C1C3F06E7771}.Release|Any CPU.ActiveCfg = Release|Any CPU
		{2C52A4E1-E965-4A8B-A7B0-C1C3F06E7771}.Release|Any CPU.Build.0 = Release|Any CPU
	EndGlobalSection
	GlobalSection(SolutionProperties) = preSolution
		HideSolutionNode = FALSE
	EndGlobalSection
	GlobalSection(ExtensibilityGlobals) = postSolution
		SolutionGuid = {5A76D371-B4A1-4491-A814-2D54C29FC654}
	EndGlobalSection
EndGlobal
